
Microsoft Visual Studio Solution File, Format Version 11.00
# Visual Studio 2010
Project("{FAE04EC0-301F-11D3-BF4B-00C04F79EFBC}") = "UFIDA.U9.Cust..AdvApproveListBP.Deploy", "Deploy\UFIDA.U9.Cust..AdvApproveListBP.Deploy.csproj", "{75F2BB61-0FFD-402F-B2F9-5CAF0F818FAA}"
EndProject
Project("{FAE04EC0-301F-11D3-BF4B-00C04F79EFBC}") = "UFIDA.U9.Cust..AdvApproveListBP", "BpImplement\UFIDA.U9.Cust..AdvApproveListBP.csproj", "{9287D990-157F-4D55-8666-049ED3732C82}"
EndProject
Project("{FAE04EC0-301F-11D3-BF4B-00C04F79EFBC}") = "UFIDA.U9.Cust..AdvApproveListBP.Agent", "BPAgent\UFIDA.U9.Cust..AdvApproveListBP.Agent.csproj", "{9831A3A0-7093-447B-86CD-85EC632492B1}"
EndProject
Global
	GlobalSection(SolutionConfigurationPlatforms) = preSolution
		Debug|Any CPU = Debug|Any CPU
		Release|Any CPU = Release|Any CPU
	EndGlobalSection
	GlobalSection(ProjectConfigurationPlatforms) = postSolution
		{75F2BB61-0FFD-402F-B2F9-5CAF0F818FAA}.Debug|Any CPU.ActiveCfg = Debug|Any CPU
		{75F2BB61-0FFD-402F-B2F9-5CAF0F818FAA}.Debug|Any CPU.Build.0 = Debug|Any CPU
		{75F2BB61-0FFD-402F-B2F9-5CAF0F818FAA}.Release|Any CPU.ActiveCfg = Release|Any CPU
		{75F2BB61-0FFD-402F-B2F9-5CAF0F818FAA}.Release|Any CPU.Build.0 = Release|Any CPU
		{9287D990-157F-4D55-8666-049ED3732C82}.Debug|Any CPU.ActiveCfg = Debug|Any CPU
		{9287D990-157F-4D55-8666-049ED3732C82}.Debug|Any CPU.Build.0 = Debug|Any CPU
		{9287D990-157F-4D55-8666-049ED3732C82}.Release|Any CPU.ActiveCfg = Release|Any CPU
		{9287D990-157F-4D55-8666-049ED3732C82}.Release|Any CPU.Build.0 = Release|Any CPU
		{9831A3A0-7093-447B-86CD-85EC632492B1}.Debug|Any CPU.ActiveCfg = Debug|Any CPU
		{9831A3A0-7093-447B-86CD-85EC632492B1}.Debug|Any CPU.Build.0 = Debug|Any CPU
		{9831A3A0-7093-447B-86CD-85EC632492B1}.Release|Any CPU.ActiveCfg = Release|Any CPU
		{9831A3A0-7093-447B-86CD-85EC632492B1}.Release|Any CPU.Build.0 = Release|Any CPU
	EndGlobalSection
	GlobalSection(SolutionProperties) = preSolution
		HideSolutionNode = FALSE
	EndGlobalSection
EndGlobal
