
Microsoft Visual Studio Solution File, Format Version 11.00
# Visual Studio 2010
Project("{FAE04EC0-301F-11D3-BF4B-00C04F79EFBC}") = "UFIDA.U9.Cust.SeeBestAdvertisementBE", "Entity\UFIDA.U9.Cust.SeeBestAdvertisementBE.csproj", "{7DB881B3-DC1B-4F0B-815B-4F433D03BD22}"
EndProject
Project("{FAE04EC0-301F-11D3-BF4B-00C04F79EFBC}") = "UFIDA.U9.Cust.SeeBestAdvertisementBE.Deploy", "Deploy\UFIDA.U9.Cust.SeeBestAdvertisementBE.Deploy.csproj", "{75F2BB61-0FFD-402F-B2F9-5CAF0F818FAA}"
EndProject
Global
	GlobalSection(SolutionConfigurationPlatforms) = preSolution
		Debug|Any CPU = Debug|Any CPU
		Release|Any CPU = Release|Any CPU
	EndGlobalSection
	GlobalSection(ProjectConfigurationPlatforms) = postSolution
		{7DB881B3-DC1B-4F0B-815B-4F433D03BD22}.Debug|Any CPU.ActiveCfg = Debug|Any CPU
		{7DB881B3-DC1B-4F0B-815B-4F433D03BD22}.Debug|Any CPU.Build.0 = Debug|Any CPU
		{7DB881B3-DC1B-4F0B-815B-4F433D03BD22}.Release|Any CPU.ActiveCfg = Release|Any CPU
		{7DB881B3-DC1B-4F0B-815B-4F433D03BD22}.Release|Any CPU.Build.0 = Release|Any CPU
		{3BCBC8BF-7A74-41BA-ACAB-2AD7B5D5A8A9}.Debug|Any CPU.ActiveCfg = Debug|Any CPU
		{3BCBC8BF-7A74-41BA-ACAB-2AD7B5D5A8A9}.Debug|Any CPU.Build.0 = Debug|Any CPU
		{3BCBC8BF-7A74-41BA-ACAB-2AD7B5D5A8A9}.Release|Any CPU.ActiveCfg = Release|Any CPU
		{3BCBC8BF-7A74-41BA-ACAB-2AD7B5D5A8A9}.Release|Any CPU.Build.0 = Release|Any CPU	
		{75F2BB61-0FFD-402F-B2F9-5CAF0F818FAA}.Debug|Any CPU.ActiveCfg = Debug|Any CPU
		{75F2BB61-0FFD-402F-B2F9-5CAF0F818FAA}.Debug|Any CPU.Build.0 = Debug|Any CPU
		{75F2BB61-0FFD-402F-B2F9-5CAF0F818FAA}.Release|Any CPU.ActiveCfg = Release|Any CPU
		{75F2BB61-0FFD-402F-B2F9-5CAF0F818FAA}.Release|Any CPU.Build.0 = Release|Any CPU
	EndGlobalSection
	GlobalSection(SolutionProperties) = preSolution
		HideSolutionNode = FALSE
	EndGlobalSection
EndGlobal
