
Microsoft Visual Studio Solution File, Format Version 11.00
# Visual Studio 2010
Project("{FAE04EC0-301F-11D3-BF4B-00C04F79EFBC}") = "UpdateTransferInPricePlugBE", "UpdateTransferInPricePlugBE.csproj", "{F3C00172-A1A3-4E3F-85C5-FAD498DE5090}"
EndProject
Global
	GlobalSection(SolutionConfigurationPlatforms) = preSolution
		Debug|Any CPU = Debug|Any CPU
		Release|Any CPU = Release|Any CPU
	EndGlobalSection
	GlobalSection(ProjectConfigurationPlatforms) = postSolution
		{F3C00172-A1A3-4E3F-85C5-FAD498DE5090}.Debug|Any CPU.ActiveCfg = Debug|Any CPU
		{F3C00172-A1A3-4E3F-85C5-FAD498DE5090}.Debug|Any CPU.Build.0 = Debug|Any CPU
		{F3C00172-A1A3-4E3F-85C5-FAD498DE5090}.Release|Any CPU.ActiveCfg = Release|Any CPU
		{F3C00172-A1A3-4E3F-85C5-FAD498DE5090}.Release|Any CPU.Build.0 = Release|Any CPU
	EndGlobalSection
	GlobalSection(SolutionProperties) = preSolution
		HideSolutionNode = FALSE
	EndGlobalSection
EndGlobal
